
Microsoft Visual Studio Solution File, Format Version 12.00
# Visual Studio Version 16
VisualStudioVersion = 16.0.29613.14
MinimumVisualStudioVersion = 10.0.40219.1
Project("{FAE04EC0-301F-11D3-BF4B-00C04F79EFBC}") = "TicTacToe", "TicTacToe.csproj", "{86B919D7-8F69-4353-9C79-7A2050B4E020}"
EndProject
Global
	GlobalSection(SolutionConfigurationPlatforms) = preSolution
		Debug|Any CPU = Debug|Any CPU
		Release|Any CPU = Release|Any CPU
	EndGlobalSection
	GlobalSection(ProjectConfigurationPlatforms) = postSolution
		{86B919D7-8F69-4353-9C79-7A2050B4E020}.Debug|Any CPU.ActiveCfg = Debug|Any CPU
		{86B919D7-8F69-4353-9C79-7A2050B4E020}.Debug|Any CPU.Build.0 = Debug|Any CPU
		{86B919D7-8F69-4353-9C79-7A2050B4E020}.Release|Any CPU.ActiveCfg = Release|Any CPU
		{86B919D7-8F69-4353-9C79-7A2050B4E020}.Release|Any CPU.Build.0 = Release|Any CPU
	EndGlobalSection
	GlobalSection(SolutionProperties) = preSolution
		HideSolutionNode = FALSE
	EndGlobalSection
	GlobalSection(ExtensibilityGlobals) = postSolution
		SolutionGuid = {1C771C02-8345-4763-8288-CC2BDA56237C}
	EndGlobalSection
EndGlobal
